
Microsoft Visual Studio Solution File, Format Version 12.00
# Visual Studio 15
VisualStudioVersion = 15.0.27130.2036
MinimumVisualStudioVersion = 10.0.40219.1
Project("{FAE04EC0-301F-11D3-BF4B-00C04F79EFBC}") = "Ckode.Encryption", "Ckode.Encryption\Ckode.Encryption.csproj", "{CA7F7531-F75A-4A66-8756-7E31E461177A}"
EndProject
Project("{FAE04EC0-301F-11D3-BF4B-00C04F79EFBC}") = "Ckode.Encryption.Examples", "Ckode.Encryption.Examples\Ckode.Encryption.Examples.csproj", "{BE77A2C1-508E-4068-8E9B-EED3364C90B3}"
EndProject
Global
	GlobalSection(SolutionConfigurationPlatforms) = preSolution
		Debug|Any CPU = Debug|Any CPU
		Release|Any CPU = Release|Any CPU
	EndGlobalSection
	GlobalSection(ProjectConfigurationPlatforms) = postSolution
		{CA7F7531-F75A-4A66-8756-7E31E461177A}.Debug|Any CPU.ActiveCfg = Debug|Any CPU
		{CA7F7531-F75A-4A66-8756-7E31E461177A}.Debug|Any CPU.Build.0 = Debug|Any CPU
		{CA7F7531-F75A-4A66-8756-7E31E461177A}.Release|Any CPU.ActiveCfg = Release|Any CPU
		{CA7F7531-F75A-4A66-8756-7E31E461177A}.Release|Any CPU.Build.0 = Release|Any CPU
		{BE77A2C1-508E-4068-8E9B-EED3364C90B3}.Debug|Any CPU.ActiveCfg = Debug|Any CPU
		{BE77A2C1-508E-4068-8E9B-EED3364C90B3}.Debug|Any CPU.Build.0 = Debug|Any CPU
		{BE77A2C1-508E-4068-8E9B-EED3364C90B3}.Release|Any CPU.ActiveCfg = Release|Any CPU
		{BE77A2C1-508E-4068-8E9B-EED3364C90B3}.Release|Any CPU.Build.0 = Release|Any CPU
	EndGlobalSection
	GlobalSection(SolutionProperties) = preSolution
		HideSolutionNode = FALSE
	EndGlobalSection
	GlobalSection(ExtensibilityGlobals) = postSolution
		SolutionGuid = {6826FCB3-14C1-423E-933F-896774F581C3}
	EndGlobalSection
EndGlobal
